<?xml version="1.0" encoding="utf-8"?>
<Project ToolsVersion="4.0" xmlns="http://schemas.microsoft.com/developer/msbuild/2003">
  <ItemGroup>
    <Filter Include="Source Files">
      <UniqueIdentifier>{4FC737F1-C7A5-4376-A066-2A32D752A2FF}</UniqueIdentifier>
      <Extensions>cpp;c;cc;cxx;def;odl;idl;hpj;bat;asm;asmx</Extensions>
    </Filter>
    <Filter Include="Header Files">
      <UniqueIdentifier>{93995380-89BD-4b04-88EB-625FBE52EBFB}</UniqueIdentifier>
      <Extensions>h;hh;hpp;hxx;hm;inl;inc;ipp;xsd</Extensions>
    </Filter>
    <Filter Include="Resource Files">
      <UniqueIdentifier>{67DA6AB6-F800-4c08-8B7A-83BB121AAD01}</UniqueIdentifier>
      <Extensions>rc;ico;cur;bmp;dlg;rc2;rct;bin;rgs;gif;jpg;jpeg;jpe;resx;tiff;tif;png;wav;mfcribbon-ms</Extensions>
    </Filter>
    <Filter Include="Source Files\Services">
      <UniqueIdentifier>{644144ab-321f-4f84-bb9a-675821b734b4}</UniqueIdentifier>
    </Filter>
    <Filter Include="Header Files\Services">
      <UniqueIdentifier>{ae3dd924-c9fb-4d09-8282-70e6de034b2e}</UniqueIdentifier>
    </Filter>
    <Filter Include="Source Files\Common">
      <UniqueIdentifier>{a3109506-9263-4a41-b73a-50805ffef902}</UniqueIdentifier>
    </Filter>
    <Filter Include="Header Files\Common">
      <UniqueIdentifier>{b73b5a35-4f15-42b7-abf6-def14f271028}</UniqueIdentifier>
    </Filter>
  </ItemGroup>
  <ItemGroup>
    <ClInclude Include="Src\CServiceManager.h">
      <Filter>Header Files</Filter>
    </ClInclude>
    <ClInclude Include="Src\Services\CService_null.h">
      <Filter>Header Files\Services</Filter>
    </ClInclude>
    <ClInclude Include="Src\Services\CService_test.h">
      <Filter>Header Files\Services</Filter>
    </ClInclude>
    <ClInclude Include="Src\Services\CServiceBase.h">
      <Filter>Header Files\Services</Filter>
    </ClInclude>
    <ClInclude Include="Src\Common\Log.h">
      <Filter>Header Files\Common</Filter>
    </ClInclude>
    <ClInclude Include="Src\Common\SSNFile.h">
      <Filter>Header Files\Common</Filter>
    </ClInclude>
    <ClInclude Include="Src\Common\SSNString.h">
      <Filter>Header Files\Common</Filter>
    </ClInclude>
    <ClInclude Include="Src\Services\CService_log.h">
      <Filter>Header Files\Services</Filter>
    </ClInclude>
  </ItemGroup>
  <ItemGroup>
    <ClCompile Include="SSNService.cpp">
      <Filter>Source Files</Filter>
    </ClCompile>
    <ClCompile Include="Src\CServiceManager.cpp">
      <Filter>Source Files</Filter>
    </ClCompile>
    <ClCompile Include="Src\Services\CService_null.cpp">
      <Filter>Source Files\Services</Filter>
    </ClCompile>
    <ClCompile Include="Src\Services\CService_test.cpp">
      <Filter>Source Files\Services</Filter>
    </ClCompile>
    <ClCompile Include="Src\Services\CServiceBase.cpp">
      <Filter>Source Files\Services</Filter>
    </ClCompile>
    <ClCompile Include="Src\Common\Log.cpp">
      <Filter>Source Files\Common</Filter>
    </ClCompile>
    <ClCompile Include="Src\Common\SSNFile.cpp">
      <Filter>Source Files\Common</Filter>
    </ClCompile>
    <ClCompile Include="Src\Common\SSNString.cpp">
      <Filter>Source Files\Common</Filter>
    </ClCompile>
    <ClCompile Include="Src\Services\CService_log.cpp">
      <Filter>Source Files\Services</Filter>
    </ClCompile>
  </ItemGroup>
</Project>